// !$*UTF8*$!
{
	archiveVersion = 1;
	classes = {
	};
	objectVersion = 50;
	objects = {

/* Begin PBXBuildFile section */
		7E31F9D53FCCE6500072A3DA /* Pods_PedalShare.framework in Frameworks */ = {isa = PBXBuildFile; fileRef = 8C4263DFAA6EA576F666349A /* Pods_PedalShare.framework */; };
		AB0F76623A88529FBC5E2731 /* Pods_PedalShareTests.framework in Frameworks */ = {isa = PBXBuildFile; fileRef = 1910C9BB7AADEFD4B1140FAB /* Pods_PedalShareTests.framework */; };
		E702E2C05ACC41B672B3DBC1 /* Pods_PedalShareUITests.framework in Frameworks */ = {isa = PBXBuildFile; fileRef = 22418E7CDF14C490D5296A44 /* Pods_PedalShareUITests.framework */; };
		F84AD720209DDF4D009C4ECA /* AppDelegate.swift in Sources */ = {isa = PBXBuildFile; fileRef = F84AD71F209DDF4D009C4ECA /* AppDelegate.swift */; };
		F84AD722209DDF4D009C4ECA /* RideVC.swift in Sources */ = {isa = PBXBuildFile; fileRef = F84AD721209DDF4D009C4ECA /* RideVC.swift */; };
		F84AD724209DDF4D009C4ECA /* HistoryVC.swift in Sources */ = {isa = PBXBuildFile; fileRef = F84AD723209DDF4D009C4ECA /* HistoryVC.swift */; };
		F84AD727209DDF4D009C4ECA /* Main.storyboard in Resources */ = {isa = PBXBuildFile; fileRef = F84AD725209DDF4D009C4ECA /* Main.storyboard */; };
		F84AD729209DDF51009C4ECA /* Assets.xcassets in Resources */ = {isa = PBXBuildFile; fileRef = F84AD728209DDF51009C4ECA /* Assets.xcassets */; };
		F84AD72C209DDF51009C4ECA /* LaunchScreen.storyboard in Resources */ = {isa = PBXBuildFile; fileRef = F84AD72A209DDF51009C4ECA /* LaunchScreen.storyboard */; };
		F84AD737209DDF52009C4ECA /* PedalShareTests.swift in Sources */ = {isa = PBXBuildFile; fileRef = F84AD736209DDF52009C4ECA /* PedalShareTests.swift */; };
		F84AD742209DDF52009C4ECA /* PedalShareUITests.swift in Sources */ = {isa = PBXBuildFile; fileRef = F84AD741209DDF52009C4ECA /* PedalShareUITests.swift */; };
		F860852120A864380057F226 /* StoreKit.framework in Frameworks */ = {isa = PBXBuildFile; fileRef = F860852020A864380057F226 /* StoreKit.framework */; };
		F8BEE851209F2C67001DAADC /* rick_grimes.gif in Resources */ = {isa = PBXBuildFile; fileRef = F8BEE850209F2C64001DAADC /* rick_grimes.gif */; };
		F8D27405209E175E00B823BB /* GoogleService-Info.plist in Resources */ = {isa = PBXBuildFile; fileRef = F8D27404209E175E00B823BB /* GoogleService-Info.plist */; };
		F8D27407209E399500B823BB /* ProfileVC.swift in Sources */ = {isa = PBXBuildFile; fileRef = F8D27406209E399500B823BB /* ProfileVC.swift */; };
		F8D2740B209E851100B823BB /* JourneyVC.swift in Sources */ = {isa = PBXBuildFile; fileRef = F8D2740A209E851100B823BB /* JourneyVC.swift */; };
		F8D2740D209E8F4C00B823BB /* DirectionsTableView.swift in Sources */ = {isa = PBXBuildFile; fileRef = F8D2740C209E8F4C00B823BB /* DirectionsTableView.swift */; };
		F8D2740F209EBB3300B823BB /* MapKit.framework in Frameworks */ = {isa = PBXBuildFile; fileRef = F8D2740E209EBB3300B823BB /* MapKit.framework */; };
		F8D27414209EF5C400B823BB /* PedalShareProducts.swift in Sources */ = {isa = PBXBuildFile; fileRef = F8D27413209EF5C400B823BB /* PedalShareProducts.swift */; };
		F8D27416209EF73700B823BB /* IAPHelper.swift in Sources */ = {isa = PBXBuildFile; fileRef = F8D27415209EF73700B823BB /* IAPHelper.swift */; };
		F8D27418209F13A300B823BB /* PayVC.swift in Sources */ = {isa = PBXBuildFile; fileRef = F8D27417209F13A300B823BB /* PayVC.swift */; };
		F8F486A8209DE3A100B69A27 /* DataService.swift in Sources */ = {isa = PBXBuildFile; fileRef = F8F486A7209DE3A100B69A27 /* DataService.swift */; };
		F8F486AA209DE87A00B69A27 /* Exported Fonts in Resources */ = {isa = PBXBuildFile; fileRef = F8F486A9209DE87A00B69A27 /* Exported Fonts */; };
		F8F486AC209DF85200B69A27 /* AuthVC.swift in Sources */ = {isa = PBXBuildFile; fileRef = F8F486AB209DF85200B69A27 /* AuthVC.swift */; };
		F8F486AE209DF87400B69A27 /* LoginVC.swift in Sources */ = {isa = PBXBuildFile; fileRef = F8F486AD209DF87400B69A27 /* LoginVC.swift */; };
		F8F486B0209DF90600B69A27 /* ShadowView.swift in Sources */ = {isa = PBXBuildFile; fileRef = F8F486AF209DF90600B69A27 /* ShadowView.swift */; };
		F8F486B2209DF9B900B69A27 /* AuthService.swift in Sources */ = {isa = PBXBuildFile; fileRef = F8F486B1209DF9B900B69A27 /* AuthService.swift */; };
/* End PBXBuildFile section */

/* Begin PBXContainerItemProxy section */
		F84AD733209DDF52009C4ECA /* PBXContainerItemProxy */ = {
			isa = PBXContainerItemProxy;
			containerPortal = F84AD714209DDF4D009C4ECA /* Project object */;
			proxyType = 1;
			remoteGlobalIDString = F84AD71B209DDF4D009C4ECA;
			remoteInfo = PedalShare;
		};
		F84AD73E209DDF52009C4ECA /* PBXContainerItemProxy */ = {
			isa = PBXContainerItemProxy;
			containerPortal = F84AD714209DDF4D009C4ECA /* Project object */;
			proxyType = 1;
			remoteGlobalIDString = F84AD71B209DDF4D009C4ECA;
			remoteInfo = PedalShare;
		};
/* End PBXContainerItemProxy section */

/* Begin PBXFileReference section */
		1910C9BB7AADEFD4B1140FAB /* Pods_PedalShareTests.framework */ = {isa = PBXFileReference; explicitFileType = wrapper.framework; includeInIndex = 0; path = Pods_PedalShareTests.framework; sourceTree = BUILT_PRODUCTS_DIR; };
		22418E7CDF14C490D5296A44 /* Pods_PedalShareUITests.framework */ = {isa = PBXFileReference; explicitFileType = wrapper.framework; includeInIndex = 0; path = Pods_PedalShareUITests.framework; sourceTree = BUILT_PRODUCTS_DIR; };
		4391DF8041340C0CBDC70B4E /* Pods-PedalShareUITests.debug.xcconfig */ = {isa = PBXFileReference; includeInIndex = 1; lastKnownFileType = text.xcconfig; name = "Pods-PedalShareUITests.debug.xcconfig"; path = "Pods/Target Support Files/Pods-PedalShareUITests/Pods-PedalShareUITests.debug.xcconfig"; sourceTree = "<group>"; };
		7FE176C72A8AE71137EE69ED /* Pods-PedalShareUITests.release.xcconfig */ = {isa = PBXFileReference; includeInIndex = 1; lastKnownFileType = text.xcconfig; name = "Pods-PedalShareUITests.release.xcconfig"; path = "Pods/Target Support Files/Pods-PedalShareUITests/Pods-PedalShareUITests.release.xcconfig"; sourceTree = "<group>"; };
		8C4263DFAA6EA576F666349A /* Pods_PedalShare.framework */ = {isa = PBXFileReference; explicitFileType = wrapper.framework; includeInIndex = 0; path = Pods_PedalShare.framework; sourceTree = BUILT_PRODUCTS_DIR; };
		949C387168DEC4E67A5B3A5F /* Pods-PedalShare.release.xcconfig */ = {isa = PBXFileReference; includeInIndex = 1; lastKnownFileType = text.xcconfig; name = "Pods-PedalShare.release.xcconfig"; path = "Pods/Target Support Files/Pods-PedalShare/Pods-PedalShare.release.xcconfig"; sourceTree = "<group>"; };
		A7E1AC737B4888A806D4B497 /* Pods-PedalShareTests.debug.xcconfig */ = {isa = PBXFileReference; includeInIndex = 1; lastKnownFileType = text.xcconfig; name = "Pods-PedalShareTests.debug.xcconfig"; path = "Pods/Target Support Files/Pods-PedalShareTests/Pods-PedalShareTests.debug.xcconfig"; sourceTree = "<group>"; };
		C98424C9DC2D4110D1C85CE7 /* Pods-PedalShare.debug.xcconfig */ = {isa = PBXFileReference; includeInIndex = 1; lastKnownFileType = text.xcconfig; name = "Pods-PedalShare.debug.xcconfig"; path = "Pods/Target Support Files/Pods-PedalShare/Pods-PedalShare.debug.xcconfig"; sourceTree = "<group>"; };
		DCD2B4A8686A140AC2E5D24A /* Pods-PedalShareTests.release.xcconfig */ = {isa = PBXFileReference; includeInIndex = 1; lastKnownFileType = text.xcconfig; name = "Pods-PedalShareTests.release.xcconfig"; path = "Pods/Target Support Files/Pods-PedalShareTests/Pods-PedalShareTests.release.xcconfig"; sourceTree = "<group>"; };
		F84AD71C209DDF4D009C4ECA /* PedalShare.app */ = {isa = PBXFileReference; explicitFileType = wrapper.application; includeInIndex = 0; path = PedalShare.app; sourceTree = BUILT_PRODUCTS_DIR; };
		F84AD71F209DDF4D009C4ECA /* AppDelegate.swift */ = {isa = PBXFileReference; lastKnownFileType = sourcecode.swift; path = AppDelegate.swift; sourceTree = "<group>"; };
		F84AD721209DDF4D009C4ECA /* RideVC.swift */ = {isa = PBXFileReference; lastKnownFileType = sourcecode.swift; path = RideVC.swift; sourceTree = "<group>"; };
		F84AD723209DDF4D009C4ECA /* HistoryVC.swift */ = {isa = PBXFileReference; lastKnownFileType = sourcecode.swift; path = HistoryVC.swift; sourceTree = "<group>"; };
		F84AD726209DDF4D009C4ECA /* Base */ = {isa = PBXFileReference; lastKnownFileType = file.storyboard; name = Base; path = Base.lproj/Main.storyboard; sourceTree = "<group>"; };
		F84AD728209DDF51009C4ECA /* Assets.xcassets */ = {isa = PBXFileReference; lastKnownFileType = folder.assetcatalog; path = Assets.xcassets; sourceTree = "<group>"; };
		F84AD72B209DDF51009C4ECA /* Base */ = {isa = PBXFileReference; lastKnownFileType = file.storyboard; name = Base; path = Base.lproj/LaunchScreen.storyboard; sourceTree = "<group>"; };
		F84AD72D209DDF51009C4ECA /* Info.plist */ = {isa = PBXFileReference; lastKnownFileType = text.plist.xml; path = Info.plist; sourceTree = "<group>"; };
		F84AD732209DDF52009C4ECA /* PedalShareTests.xctest */ = {isa = PBXFileReference; explicitFileType = wrapper.cfbundle; includeInIndex = 0; path = PedalShareTests.xctest; sourceTree = BUILT_PRODUCTS_DIR; };
		F84AD736209DDF52009C4ECA /* PedalShareTests.swift */ = {isa = PBXFileReference; lastKnownFileType = sourcecode.swift; path = PedalShareTests.swift; sourceTree = "<group>"; };
		F84AD738209DDF52009C4ECA /* Info.plist */ = {isa = PBXFileReference; lastKnownFileType = text.plist.xml; path = Info.plist; sourceTree = "<group>"; };
		F84AD73D209DDF52009C4ECA /* PedalShareUITests.xctest */ = {isa = PBXFileReference; explicitFileType = wrapper.cfbundle; includeInIndex = 0; path = PedalShareUITests.xctest; sourceTree = BUILT_PRODUCTS_DIR; };
		F84AD741209DDF52009C4ECA /* PedalShareUITests.swift */ = {isa = PBXFileReference; lastKnownFileType = sourcecode.swift; path = PedalShareUITests.swift; sourceTree = "<group>"; };
		F84AD743209DDF52009C4ECA /* Info.plist */ = {isa = PBXFileReference; lastKnownFileType = text.plist.xml; path = Info.plist; sourceTree = "<group>"; };
		F860852020A864380057F226 /* StoreKit.framework */ = {isa = PBXFileReference; lastKnownFileType = wrapper.framework; name = StoreKit.framework; path = System/Library/Frameworks/StoreKit.framework; sourceTree = SDKROOT; };
		F8BEE850209F2C64001DAADC /* rick_grimes.gif */ = {isa = PBXFileReference; lastKnownFileType = image.gif; path = rick_grimes.gif; sourceTree = "<group>"; };
		F8D27404209E175E00B823BB /* GoogleService-Info.plist */ = {isa = PBXFileReference; fileEncoding = 4; lastKnownFileType = text.plist.xml; path = "GoogleService-Info.plist"; sourceTree = "<group>"; };
		F8D27406209E399500B823BB /* ProfileVC.swift */ = {isa = PBXFileReference; lastKnownFileType = sourcecode.swift; path = ProfileVC.swift; sourceTree = "<group>"; };
		F8D2740A209E851100B823BB /* JourneyVC.swift */ = {isa = PBXFileReference; lastKnownFileType = sourcecode.swift; path = JourneyVC.swift; sourceTree = "<group>"; };
		F8D2740C209E8F4C00B823BB /* DirectionsTableView.swift */ = {isa = PBXFileReference; lastKnownFileType = sourcecode.swift; path = DirectionsTableView.swift; sourceTree = "<group>"; };
		F8D2740E209EBB3300B823BB /* MapKit.framework */ = {isa = PBXFileReference; lastKnownFileType = wrapper.framework; name = MapKit.framework; path = System/Library/Frameworks/MapKit.framework; sourceTree = SDKROOT; };
		F8D27412209EF36200B823BB /* PedalShare.entitlements */ = {isa = PBXFileReference; lastKnownFileType = text.plist.entitlements; path = PedalShare.entitlements; sourceTree = "<group>"; };
		F8D27413209EF5C400B823BB /* PedalShareProducts.swift */ = {isa = PBXFileReference; lastKnownFileType = sourcecode.swift; path = PedalShareProducts.swift; sourceTree = "<group>"; };
		F8D27415209EF73700B823BB /* IAPHelper.swift */ = {isa = PBXFileReference; lastKnownFileType = sourcecode.swift; path = IAPHelper.swift; sourceTree = "<group>"; };
		F8D27417209F13A300B823BB /* PayVC.swift */ = {isa = PBXFileReference; lastKnownFileType = sourcecode.swift; path = PayVC.swift; sourceTree = "<group>"; };
		F8F486A7209DE3A100B69A27 /* DataService.swift */ = {isa = PBXFileReference; lastKnownFileType = sourcecode.swift; path = DataService.swift; sourceTree = "<group>"; };
		F8F486A9209DE87A00B69A27 /* Exported Fonts */ = {isa = PBXFileReference; lastKnownFileType = folder; path = "Exported Fonts"; sourceTree = "<group>"; };
		F8F486AB209DF85200B69A27 /* AuthVC.swift */ = {isa = PBXFileReference; lastKnownFileType = sourcecode.swift; path = AuthVC.swift; sourceTree = "<group>"; };
		F8F486AD209DF87400B69A27 /* LoginVC.swift */ = {isa = PBXFileReference; lastKnownFileType = sourcecode.swift; path = LoginVC.swift; sourceTree = "<group>"; };
		F8F486AF209DF90600B69A27 /* ShadowView.swift */ = {isa = PBXFileReference; lastKnownFileType = sourcecode.swift; path = ShadowView.swift; sourceTree = "<group>"; };
		F8F486B1209DF9B900B69A27 /* AuthService.swift */ = {isa = PBXFileReference; lastKnownFileType = sourcecode.swift; path = AuthService.swift; sourceTree = "<group>"; };
/* End PBXFileReference section */

/* Begin PBXFrameworksBuildPhase section */
		F84AD719209DDF4D009C4ECA /* Frameworks */ = {
			isa = PBXFrameworksBuildPhase;
			buildActionMask = 2147483647;
			files = (
				F860852120A864380057F226 /* StoreKit.framework in Frameworks */,
				F8D2740F209EBB3300B823BB /* MapKit.framework in Frameworks */,
				7E31F9D53FCCE6500072A3DA /* Pods_PedalShare.framework in Frameworks */,
			);
			runOnlyForDeploymentPostprocessing = 0;
		};
		F84AD72F209DDF52009C4ECA /* Frameworks */ = {
			isa = PBXFrameworksBuildPhase;
			buildActionMask = 2147483647;
			files = (
				AB0F76623A88529FBC5E2731 /* Pods_PedalShareTests.framework in Frameworks */,
			);
			runOnlyForDeploymentPostprocessing = 0;
		};
		F84AD73A209DDF52009C4ECA /* Frameworks */ = {
			isa = PBXFrameworksBuildPhase;
			buildActionMask = 2147483647;
			files = (
				E702E2C05ACC41B672B3DBC1 /* Pods_PedalShareUITests.framework in Frameworks */,
			);
			runOnlyForDeploymentPostprocessing = 0;
		};
/* End PBXFrameworksBuildPhase section */

/* Begin PBXGroup section */
		EFC40213E40C5BAAF6301F20 /* Pods */ = {
			isa = PBXGroup;
			children = (
				C98424C9DC2D4110D1C85CE7 /* Pods-PedalShare.debug.xcconfig */,
				949C387168DEC4E67A5B3A5F /* Pods-PedalShare.release.xcconfig */,
				A7E1AC737B4888A806D4B497 /* Pods-PedalShareTests.debug.xcconfig */,
				DCD2B4A8686A140AC2E5D24A /* Pods-PedalShareTests.release.xcconfig */,
				4391DF8041340C0CBDC70B4E /* Pods-PedalShareUITests.debug.xcconfig */,
				7FE176C72A8AE71137EE69ED /* Pods-PedalShareUITests.release.xcconfig */,
			);
			name = Pods;
			sourceTree = "<group>";
		};
		F17364EE2D7B26F3804EA5F2 /* Frameworks */ = {
			isa = PBXGroup;
			children = (
				F860852020A864380057F226 /* StoreKit.framework */,
				F8D2740E209EBB3300B823BB /* MapKit.framework */,
				8C4263DFAA6EA576F666349A /* Pods_PedalShare.framework */,
				1910C9BB7AADEFD4B1140FAB /* Pods_PedalShareTests.framework */,
				22418E7CDF14C490D5296A44 /* Pods_PedalShareUITests.framework */,
			);
			name = Frameworks;
			sourceTree = "<group>";
		};
		F84AD713209DDF4D009C4ECA = {
			isa = PBXGroup;
			children = (
				F84AD71E209DDF4D009C4ECA /* PedalShare */,
				F84AD735209DDF52009C4ECA /* PedalShareTests */,
				F84AD740209DDF52009C4ECA /* PedalShareUITests */,
				F84AD71D209DDF4D009C4ECA /* Products */,
				EFC40213E40C5BAAF6301F20 /* Pods */,
				F17364EE2D7B26F3804EA5F2 /* Frameworks */,
			);
			sourceTree = "<group>";
		};
		F84AD71D209DDF4D009C4ECA /* Products */ = {
			isa = PBXGroup;
			children = (
				F84AD71C209DDF4D009C4ECA /* PedalShare.app */,
				F84AD732209DDF52009C4ECA /* PedalShareTests.xctest */,
				F84AD73D209DDF52009C4ECA /* PedalShareUITests.xctest */,
			);
			name = Products;
			sourceTree = "<group>";
		};
		F84AD71E209DDF4D009C4ECA /* PedalShare */ = {
			isa = PBXGroup;
			children = (
				F8D27412209EF36200B823BB /* PedalShare.entitlements */,
				F8F486A4209DE29A00B69A27 /* Services */,
				F8F486A3209DE25700B69A27 /* Resources */,
				F8F486A2209DE25200B69A27 /* Extensions */,
				F8F486A0209DE24500B69A27 /* View */,
				F8F486A1209DE24900B69A27 /* Controller */,
				F84AD71F209DDF4D009C4ECA /* AppDelegate.swift */,
				F84AD725209DDF4D009C4ECA /* Main.storyboard */,
				F84AD728209DDF51009C4ECA /* Assets.xcassets */,
				F84AD72A209DDF51009C4ECA /* LaunchScreen.storyboard */,
				F84AD72D209DDF51009C4ECA /* Info.plist */,
				F8D27404209E175E00B823BB /* GoogleService-Info.plist */,
				F8BEE850209F2C64001DAADC /* rick_grimes.gif */,
			);
			path = PedalShare;
			sourceTree = "<group>";
		};
		F84AD735209DDF52009C4ECA /* PedalShareTests */ = {
			isa = PBXGroup;
			children = (
				F84AD736209DDF52009C4ECA /* PedalShareTests.swift */,
				F84AD738209DDF52009C4ECA /* Info.plist */,
			);
			path = PedalShareTests;
			sourceTree = "<group>";
		};
		F84AD740209DDF52009C4ECA /* PedalShareUITests */ = {
			isa = PBXGroup;
			children = (
				F84AD741209DDF52009C4ECA /* PedalShareUITests.swift */,
				F84AD743209DDF52009C4ECA /* Info.plist */,
			);
			path = PedalShareUITests;
			sourceTree = "<group>";
		};
		F8F486A0209DE24500B69A27 /* View */ = {
			isa = PBXGroup;
			children = (
				F8D2740C209E8F4C00B823BB /* DirectionsTableView.swift */,
				F8F486AF209DF90600B69A27 /* ShadowView.swift */,
			);
			path = View;
			sourceTree = "<group>";
		};
		F8F486A1209DE24900B69A27 /* Controller */ = {
			isa = PBXGroup;
			children = (
				F84AD721209DDF4D009C4ECA /* RideVC.swift */,
				F8D2740A209E851100B823BB /* JourneyVC.swift */,
				F84AD723209DDF4D009C4ECA /* HistoryVC.swift */,
				F8F486AB209DF85200B69A27 /* AuthVC.swift */,
				F8F486AD209DF87400B69A27 /* LoginVC.swift */,
				F8D27406209E399500B823BB /* ProfileVC.swift */,
				F8D27417209F13A300B823BB /* PayVC.swift */,
			);
			path = Controller;
			sourceTree = "<group>";
		};
		F8F486A2209DE25200B69A27 /* Extensions */ = {
			isa = PBXGroup;
			children = (
			);
			path = Extensions;
			sourceTree = "<group>";
		};
		F8F486A3209DE25700B69A27 /* Resources */ = {
			isa = PBXGroup;
			children = (
				F8F486A9209DE87A00B69A27 /* Exported Fonts */,
				F8D27413209EF5C400B823BB /* PedalShareProducts.swift */,
				F8D27415209EF73700B823BB /* IAPHelper.swift */,
			);
			path = Resources;
			sourceTree = "<group>";
		};
		F8F486A4209DE29A00B69A27 /* Services */ = {
			isa = PBXGroup;
			children = (
				F8F486A7209DE3A100B69A27 /* DataService.swift */,
				F8F486B1209DF9B900B69A27 /* AuthService.swift */,
			);
			path = Services;
			sourceTree = "<group>";
		};
/* End PBXGroup section */

/* Begin PBXNativeTarget section */
		F84AD71B209DDF4D009C4ECA /* PedalShare */ = {
			isa = PBXNativeTarget;
			buildConfigurationList = F84AD746209DDF52009C4ECA /* Build configuration list for PBXNativeTarget "PedalShare" */;
			buildPhases = (
				848315EACD8D337C7213D7CB /* [CP] Check Pods Manifest.lock */,
				F84AD718209DDF4D009C4ECA /* Sources */,
				F84AD719209DDF4D009C4ECA /* Frameworks */,
				F84AD71A209DDF4D009C4ECA /* Resources */,
				023FB3596FF512A8BE920685 /* [CP] Embed Pods Frameworks */,
			);
			buildRules = (
			);
			dependencies = (
			);
			name = PedalShare;
			productName = PedalShare;
			productReference = F84AD71C209DDF4D009C4ECA /* PedalShare.app */;
			productType = "com.apple.product-type.application";
		};
		F84AD731209DDF52009C4ECA /* PedalShareTests */ = {
			isa = PBXNativeTarget;
			buildConfigurationList = F84AD749209DDF52009C4ECA /* Build configuration list for PBXNativeTarget "PedalShareTests" */;
			buildPhases = (
				B6132C0B755553A65FB8E6CF /* [CP] Check Pods Manifest.lock */,
				F84AD72E209DDF52009C4ECA /* Sources */,
				F84AD72F209DDF52009C4ECA /* Frameworks */,
				F84AD730209DDF52009C4ECA /* Resources */,
			);
			buildRules = (
			);
			dependencies = (
				F84AD734209DDF52009C4ECA /* PBXTargetDependency */,
			);
			name = PedalShareTests;
			productName = PedalShareTests;
			productReference = F84AD732209DDF52009C4ECA /* PedalShareTests.xctest */;
			productType = "com.apple.product-type.bundle.unit-test";
		};
		F84AD73C209DDF52009C4ECA /* PedalShareUITests */ = {
			isa = PBXNativeTarget;
			buildConfigurationList = F84AD74C209DDF52009C4ECA /* Build configuration list for PBXNativeTarget "PedalShareUITests" */;
			buildPhases = (
				172FCFBC5AC3C7C474D0E32B /* [CP] Check Pods Manifest.lock */,
				F84AD739209DDF52009C4ECA /* Sources */,
				F84AD73A209DDF52009C4ECA /* Frameworks */,
				F84AD73B209DDF52009C4ECA /* Resources */,
			);
			buildRules = (
			);
			dependencies = (
				F84AD73F209DDF52009C4ECA /* PBXTargetDependency */,
			);
			name = PedalShareUITests;
			productName = PedalShareUITests;
			productReference = F84AD73D209DDF52009C4ECA /* PedalShareUITests.xctest */;
			productType = "com.apple.product-type.bundle.ui-testing";
		};
/* End PBXNativeTarget section */

/* Begin PBXProject section */
		F84AD714209DDF4D009C4ECA /* Project object */ = {
			isa = PBXProject;
			attributes = {
				LastSwiftUpdateCheck = 0940;
				LastUpgradeCheck = 0940;
				ORGANIZATIONNAME = "Andrew Miller";
				TargetAttributes = {
					F84AD71B209DDF4D009C4ECA = {
						CreatedOnToolsVersion = 9.4;
						SystemCapabilities = {
							com.apple.ApplePay = {
								enabled = 1;
							};
							com.apple.InAppPurchase = {
								enabled = 1;
							};
							com.apple.Maps.iOS = {
								enabled = 1;
							};
							com.apple.Push = {
								enabled = 1;
							};
						};
					};
					F84AD731209DDF52009C4ECA = {
						CreatedOnToolsVersion = 9.4;
						TestTargetID = F84AD71B209DDF4D009C4ECA;
					};
					F84AD73C209DDF52009C4ECA = {
						CreatedOnToolsVersion = 9.4;
						TestTargetID = F84AD71B209DDF4D009C4ECA;
					};
				};
			};
			buildConfigurationList = F84AD717209DDF4D009C4ECA /* Build configuration list for PBXProject "PedalShare" */;
			compatibilityVersion = "Xcode 9.3";
			developmentRegion = en;
			hasScannedForEncodings = 0;
			knownRegions = (
				en,
				Base,
			);
			mainGroup = F84AD713209DDF4D009C4ECA;
			productRefGroup = F84AD71D209DDF4D009C4ECA /* Products */;
			projectDirPath = "";
			projectRoot = "";
			targets = (
				F84AD71B209DDF4D009C4ECA /* PedalShare */,
				F84AD731209DDF52009C4ECA /* PedalShareTests */,
				F84AD73C209DDF52009C4ECA /* PedalShareUITests */,
			);
		};
/* End PBXProject section */

/* Begin PBXResourcesBuildPhase section */
		F84AD71A209DDF4D009C4ECA /* Resources */ = {
			isa = PBXResourcesBuildPhase;
			buildActionMask = 2147483647;
			files = (
				F84AD72C209DDF51009C4ECA /* LaunchScreen.storyboard in Resources */,
				F8F486AA209DE87A00B69A27 /* Exported Fonts in Resources */,
				F8D27405209E175E00B823BB /* GoogleService-Info.plist in Resources */,
				F84AD729209DDF51009C4ECA /* Assets.xcassets in Resources */,
				F8BEE851209F2C67001DAADC /* rick_grimes.gif in Resources */,
				F84AD727209DDF4D009C4ECA /* Main.storyboard in Resources */,
			);
			runOnlyForDeploymentPostprocessing = 0;
		};
		F84AD730209DDF52009C4ECA /* Resources */ = {
			isa = PBXResourcesBuildPhase;
			buildActionMask = 2147483647;
			files = (
			);
			runOnlyForDeploymentPostprocessing = 0;
		};
		F84AD73B209DDF52009C4ECA /* Resources */ = {
			isa = PBXResourcesBuildPhase;
			buildActionMask = 2147483647;
			files = (
			);
			runOnlyForDeploymentPostprocessing = 0;
		};
/* End PBXResourcesBuildPhase section */

/* Begin PBXShellScriptBuildPhase section */
		023FB3596FF512A8BE920685 /* [CP] Embed Pods Frameworks */ = {
			isa = PBXShellScriptBuildPhase;
			buildActionMask = 2147483647;
			files = (
			);
			inputPaths = (
				"${SRCROOT}/Pods/Target Support Files/Pods-PedalShare/Pods-PedalShare-frameworks.sh",
				"${BUILT_PRODUCTS_DIR}/GTMSessionFetcher/GTMSessionFetcher.framework",
				"${BUILT_PRODUCTS_DIR}/GoogleToolboxForMac/GoogleToolboxForMac.framework",
				"${BUILT_PRODUCTS_DIR}/leveldb-library/leveldb.framework",
				"${BUILT_PRODUCTS_DIR}/nanopb/nanopb.framework",
			);
			name = "[CP] Embed Pods Frameworks";
			outputPaths = (
				"${TARGET_BUILD_DIR}/${FRAMEWORKS_FOLDER_PATH}/GTMSessionFetcher.framework",
				"${TARGET_BUILD_DIR}/${FRAMEWORKS_FOLDER_PATH}/GoogleToolboxForMac.framework",
				"${TARGET_BUILD_DIR}/${FRAMEWORKS_FOLDER_PATH}/leveldb.framework",
				"${TARGET_BUILD_DIR}/${FRAMEWORKS_FOLDER_PATH}/nanopb.framework",
			);
			runOnlyForDeploymentPostprocessing = 0;
			shellPath = /bin/sh;
			shellScript = "\"${SRCROOT}/Pods/Target Support Files/Pods-PedalShare/Pods-PedalShare-frameworks.sh\"\n";
			showEnvVarsInLog = 0;
		};
		172FCFBC5AC3C7C474D0E32B /* [CP] Check Pods Manifest.lock */ = {
			isa = PBXShellScriptBuildPhase;
			buildActionMask = 2147483647;
			files = (
			);
			inputPaths = (
				"${PODS_PODFILE_DIR_PATH}/Podfile.lock",
				"${PODS_ROOT}/Manifest.lock",
			);
			name = "[CP] Check Pods Manifest.lock";
			outputPaths = (
				"$(DERIVED_FILE_DIR)/Pods-PedalShareUITests-checkManifestLockResult.txt",
			);
			runOnlyForDeploymentPostprocessing = 0;
			shellPath = /bin/sh;
			shellScript = "diff \"${PODS_PODFILE_DIR_PATH}/Podfile.lock\" \"${PODS_ROOT}/Manifest.lock\" > /dev/null\nif [ $? != 0 ] ; then\n    # print error to STDERR\n    echo \"error: The sandbox is not in sync with the Podfile.lock. Run 'pod install' or update your CocoaPods installation.\" >&2\n    exit 1\nfi\n# This output is used by Xcode 'outputs' to avoid re-running this script phase.\necho \"SUCCESS\" > \"${SCRIPT_OUTPUT_FILE_0}\"\n";
			showEnvVarsInLog = 0;
		};
		848315EACD8D337C7213D7CB /* [CP] Check Pods Manifest.lock */ = {
			isa = PBXShellScriptBuildPhase;
			buildActionMask = 2147483647;
			files = (
			);
			inputPaths = (
				"${PODS_PODFILE_DIR_PATH}/Podfile.lock",
				"${PODS_ROOT}/Manifest.lock",
			);
			name = "[CP] Check Pods Manifest.lock";
			outputPaths = (
				"$(DERIVED_FILE_DIR)/Pods-PedalShare-checkManifestLockResult.txt",
			);
			runOnlyForDeploymentPostprocessing = 0;
			shellPath = /bin/sh;
			shellScript = "diff \"${PODS_PODFILE_DIR_PATH}/Podfile.lock\" \"${PODS_ROOT}/Manifest.lock\" > /dev/null\nif [ $? != 0 ] ; then\n    # print error to STDERR\n    echo \"error: The sandbox is not in sync with the Podfile.lock. Run 'pod install' or update your CocoaPods installation.\" >&2\n    exit 1\nfi\n# This output is used by Xcode 'outputs' to avoid re-running this script phase.\necho \"SUCCESS\" > \"${SCRIPT_OUTPUT_FILE_0}\"\n";
			showEnvVarsInLog = 0;
		};
		B6132C0B755553A65FB8E6CF /* [CP] Check Pods Manifest.lock */ = {
			isa = PBXShellScriptBuildPhase;
			buildActionMask = 2147483647;
			files = (
			);
			inputPaths = (
				"${PODS_PODFILE_DIR_PATH}/Podfile.lock",
				"${PODS_ROOT}/Manifest.lock",
			);
			name = "[CP] Check Pods Manifest.lock";
			outputPaths = (
				"$(DERIVED_FILE_DIR)/Pods-PedalShareTests-checkManifestLockResult.txt",
			);
			runOnlyForDeploymentPostprocessing = 0;
			shellPath = /bin/sh;
			shellScript = "diff \"${PODS_PODFILE_DIR_PATH}/Podfile.lock\" \"${PODS_ROOT}/Manifest.lock\" > /dev/null\nif [ $? != 0 ] ; then\n    # print error to STDERR\n    echo \"error: The sandbox is not in sync with the Podfile.lock. Run 'pod install' or update your CocoaPods installation.\" >&2\n    exit 1\nfi\n# This output is used by Xcode 'outputs' to avoid re-running this script phase.\necho \"SUCCESS\" > \"${SCRIPT_OUTPUT_FILE_0}\"\n";
			showEnvVarsInLog = 0;
		};
/* End PBXShellScriptBuildPhase section */

/* Begin PBXSourcesBuildPhase section */
		F84AD718209DDF4D009C4ECA /* Sources */ = {
			isa = PBXSourcesBuildPhase;
			buildActionMask = 2147483647;
			files = (
				F8D2740D209E8F4C00B823BB /* DirectionsTableView.swift in Sources */,
				F8D27416209EF73700B823BB /* IAPHelper.swift in Sources */,
				F8F486AC209DF85200B69A27 /* AuthVC.swift in Sources */,
				F84AD724209DDF4D009C4ECA /* HistoryVC.swift in Sources */,
				F8F486AE209DF87400B69A27 /* LoginVC.swift in Sources */,
				F8D27407209E399500B823BB /* ProfileVC.swift in Sources */,
				F84AD720209DDF4D009C4ECA /* AppDelegate.swift in Sources */,
				F8D27418209F13A300B823BB /* PayVC.swift in Sources */,
				F8D2740B209E851100B823BB /* JourneyVC.swift in Sources */,
				F84AD722209DDF4D009C4ECA /* RideVC.swift in Sources */,
				F8D27414209EF5C400B823BB /* PedalShareProducts.swift in Sources */,
				F8F486A8209DE3A100B69A27 /* DataService.swift in Sources */,
				F8F486B0209DF90600B69A27 /* ShadowView.swift in Sources */,
				F8F486B2209DF9B900B69A27 /* AuthService.swift in Sources */,
			);
			runOnlyForDeploymentPostprocessing = 0;
		};
		F84AD72E209DDF52009C4ECA /* Sources */ = {
			isa = PBXSourcesBuildPhase;
			buildActionMask = 2147483647;
			files = (
				F84AD737209DDF52009C4ECA /* PedalShareTests.swift in Sources */,
			);
			runOnlyForDeploymentPostprocessing = 0;
		};
		F84AD739209DDF52009C4ECA /* Sources */ = {
			isa = PBXSourcesBuildPhase;
			buildActionMask = 2147483647;
			files = (
				F84AD742209DDF52009C4ECA /* PedalShareUITests.swift in Sources */,
			);
			runOnlyForDeploymentPostprocessing = 0;
		};
/* End PBXSourcesBuildPhase section */

/* Begin PBXTargetDependency section */
		F84AD734209DDF52009C4ECA /* PBXTargetDependency */ = {
			isa = PBXTargetDependency;
			target = F84AD71B209DDF4D009C4ECA /* PedalShare */;
			targetProxy = F84AD733209DDF52009C4ECA /* PBXContainerItemProxy */;
		};
		F84AD73F209DDF52009C4ECA /* PBXTargetDependency */ = {
			isa = PBXTargetDependency;
			target = F84AD71B209DDF4D009C4ECA /* PedalShare */;
			targetProxy = F84AD73E209DDF52009C4ECA /* PBXContainerItemProxy */;
		};
/* End PBXTargetDependency section */

/* Begin PBXVariantGroup section */
		F84AD725209DDF4D009C4ECA /* Main.storyboard */ = {
			isa = PBXVariantGroup;
			children = (
				F84AD726209DDF4D009C4ECA /* Base */,
			);
			name = Main.storyboard;
			sourceTree = "<group>";
		};
		F84AD72A209DDF51009C4ECA /* LaunchScreen.storyboard */ = {
			isa = PBXVariantGroup;
			children = (
				F84AD72B209DDF51009C4ECA /* Base */,
			);
			name = LaunchScreen.storyboard;
			sourceTree = "<group>";
		};
/* End PBXVariantGroup section */

/* Begin XCBuildConfiguration section */
		F84AD744209DDF52009C4ECA /* Debug */ = {
			isa = XCBuildConfiguration;
			buildSettings = {
				ALWAYS_SEARCH_USER_PATHS = NO;
				CLANG_ANALYZER_NONNULL = YES;
				CLANG_ANALYZER_NUMBER_OBJECT_CONVERSION = YES_AGGRESSIVE;
				CLANG_CXX_LANGUAGE_STANDARD = "gnu++14";
				CLANG_CXX_LIBRARY = "libc++";
				CLANG_ENABLE_MODULES = YES;
				CLANG_ENABLE_OBJC_ARC = YES;
				CLANG_ENABLE_OBJC_WEAK = YES;
				CLANG_WARN_BLOCK_CAPTURE_AUTORELEASING = YES;
				CLANG_WARN_BOOL_CONVERSION = YES;
				CLANG_WARN_COMMA = YES;
				CLANG_WARN_CONSTANT_CONVERSION = YES;
				CLANG_WARN_DEPRECATED_OBJC_IMPLEMENTATIONS = YES;
				CLANG_WARN_DIRECT_OBJC_ISA_USAGE = YES_ERROR;
				CLANG_WARN_DOCUMENTATION_COMMENTS = YES;
				CLANG_WARN_EMPTY_BODY = YES;
				CLANG_WARN_ENUM_CONVERSION = YES;
				CLANG_WARN_INFINITE_RECURSION = YES;
				CLANG_WARN_INT_CONVERSION = YES;
				CLANG_WARN_NON_LITERAL_NULL_CONVERSION = YES;
				CLANG_WARN_OBJC_IMPLICIT_RETAIN_SELF = YES;
				CLANG_WARN_OBJC_LITERAL_CONVERSION = YES;
				CLANG_WARN_OBJC_ROOT_CLASS = YES_ERROR;
				CLANG_WARN_RANGE_LOOP_ANALYSIS = YES;
				CLANG_WARN_STRICT_PROTOTYPES = YES;
				CLANG_WARN_SUSPICIOUS_MOVE = YES;
				CLANG_WARN_UNGUARDED_AVAILABILITY = YES_AGGRESSIVE;
				CLANG_WARN_UNREACHABLE_CODE = YES;
				CLANG_WARN__DUPLICATE_METHOD_MATCH = YES;
				CODE_SIGN_IDENTITY = "iPhone Developer";
				COPY_PHASE_STRIP = NO;
				DEBUG_INFORMATION_FORMAT = dwarf;
				ENABLE_BITCODE = YES;
				ENABLE_STRICT_OBJC_MSGSEND = YES;
				ENABLE_TESTABILITY = YES;
				GCC_C_LANGUAGE_STANDARD = gnu11;
				GCC_DYNAMIC_NO_PIC = NO;
				GCC_NO_COMMON_BLOCKS = YES;
				GCC_OPTIMIZATION_LEVEL = 0;
				GCC_PREPROCESSOR_DEFINITIONS = (
					"DEBUG=1",
					"$(inherited)",
				);
				GCC_WARN_64_TO_32_BIT_CONVERSION = YES;
				GCC_WARN_ABOUT_RETURN_TYPE = YES_ERROR;
				GCC_WARN_UNDECLARED_SELECTOR = YES;
				GCC_WARN_UNINITIALIZED_AUTOS = YES_AGGRESSIVE;
				GCC_WARN_UNUSED_FUNCTION = YES;
				GCC_WARN_UNUSED_VARIABLE = YES;
				IPHONEOS_DEPLOYMENT_TARGET = 11.4;
				MTL_ENABLE_DEBUG_INFO = YES;
				ONLY_ACTIVE_ARCH = YES;
				SDKROOT = iphoneos;
				SWIFT_ACTIVE_COMPILATION_CONDITIONS = DEBUG;
				SWIFT_OPTIMIZATION_LEVEL = "-Onone";
			};
			name = Debug;
		};
		F84AD745209DDF52009C4ECA /* Release */ = {
			isa = XCBuildConfiguration;
			buildSettings = {
				ALWAYS_SEARCH_USER_PATHS = NO;
				CLANG_ANALYZER_NONNULL = YES;
				CLANG_ANALYZER_NUMBER_OBJECT_CONVERSION = YES_AGGRESSIVE;
				CLANG_CXX_LANGUAGE_STANDARD = "gnu++14";
				CLANG_CXX_LIBRARY = "libc++";
				CLANG_ENABLE_MODULES = YES;
				CLANG_ENABLE_OBJC_ARC = YES;
				CLANG_ENABLE_OBJC_WEAK = YES;
				CLANG_WARN_BLOCK_CAPTURE_AUTORELEASING = YES;
				CLANG_WARN_BOOL_CONVERSION = YES;
				CLANG_WARN_COMMA = YES;
				CLANG_WARN_CONSTANT_CONVERSION = YES;
				CLANG_WARN_DEPRECATED_OBJC_IMPLEMENTATIONS = YES;
				CLANG_WARN_DIRECT_OBJC_ISA_USAGE = YES_ERROR;
				CLANG_WARN_DOCUMENTATION_COMMENTS = YES;
				CLANG_WARN_EMPTY_BODY = YES;
				CLANG_WARN_ENUM_CONVERSION = YES;
				CLANG_WARN_INFINITE_RECURSION = YES;
				CLANG_WARN_INT_CONVERSION = YES;
				CLANG_WARN_NON_LITERAL_NULL_CONVERSION = YES;
				CLANG_WARN_OBJC_IMPLICIT_RETAIN_SELF = YES;
				CLANG_WARN_OBJC_LITERAL_CONVERSION = YES;
				CLANG_WARN_OBJC_ROOT_CLASS = YES_ERROR;
				CLANG_WARN_RANGE_LOOP_ANALYSIS = YES;
				CLANG_WARN_STRICT_PROTOTYPES = YES;
				CLANG_WARN_SUSPICIOUS_MOVE = YES;
				CLANG_WARN_UNGUARDED_AVAILABILITY = YES_AGGRESSIVE;
				CLANG_WARN_UNREACHABLE_CODE = YES;
				CLANG_WARN__DUPLICATE_METHOD_MATCH = YES;
				CODE_SIGN_IDENTITY = "iPhone Developer";
				COPY_PHASE_STRIP = NO;
				DEBUG_INFORMATION_FORMAT = "dwarf-with-dsym";
				ENABLE_BITCODE = YES;
				ENABLE_NS_ASSERTIONS = NO;
				ENABLE_STRICT_OBJC_MSGSEND = YES;
				GCC_C_LANGUAGE_STANDARD = gnu11;
				GCC_NO_COMMON_BLOCKS = YES;
				GCC_WARN_64_TO_32_BIT_CONVERSION = YES;
				GCC_WARN_ABOUT_RETURN_TYPE = YES_ERROR;
				GCC_WARN_UNDECLARED_SELECTOR = YES;
				GCC_WARN_UNINITIALIZED_AUTOS = YES_AGGRESSIVE;
				GCC_WARN_UNUSED_FUNCTION = YES;
				GCC_WARN_UNUSED_VARIABLE = YES;
				IPHONEOS_DEPLOYMENT_TARGET = 11.4;
				MTL_ENABLE_DEBUG_INFO = NO;
				SDKROOT = iphoneos;
				SWIFT_COMPILATION_MODE = wholemodule;
				SWIFT_OPTIMIZATION_LEVEL = "-O";
				VALIDATE_PRODUCT = YES;
			};
			name = Release;
		};
		F84AD747209DDF52009C4ECA /* Debug */ = {
			isa = XCBuildConfiguration;
			baseConfigurationReference = C98424C9DC2D4110D1C85CE7 /* Pods-PedalShare.debug.xcconfig */;
			buildSettings = {
				ASSETCATALOG_COMPILER_APPICON_NAME = AppIcon;
				CODE_SIGN_ENTITLEMENTS = PedalShare/PedalShare.entitlements;
				CODE_SIGN_STYLE = Automatic;
				DEVELOPMENT_TEAM = 67H43KT2PM;
				ENABLE_BITCODE = YES;
				INFOPLIST_FILE = PedalShare/Info.plist;
				IPHONEOS_DEPLOYMENT_TARGET = 11.4;
				LD_RUNPATH_SEARCH_PATHS = (
					"$(inherited)",
					"@executable_path/Frameworks",
				);
				PRODUCT_BUNDLE_IDENTIFIER = com.andrewmiller167.PedalShare;
				PRODUCT_NAME = "$(TARGET_NAME)";
				SWIFT_VERSION = 4.0;
				TARGETED_DEVICE_FAMILY = "1,2";
			};
			name = Debug;
		};
		F84AD748209DDF52009C4ECA /* Release */ = {
			isa = XCBuildConfiguration;
			baseConfigurationReference = 949C387168DEC4E67A5B3A5F /* Pods-PedalShare.release.xcconfig */;
			buildSettings = {
				ASSETCATALOG_COMPILER_APPICON_NAME = AppIcon;
				CODE_SIGN_ENTITLEMENTS = PedalShare/PedalShare.entitlements;
				CODE_SIGN_STYLE = Automatic;
				DEVELOPMENT_TEAM = 67H43KT2PM;
				ENABLE_BITCODE = YES;
				INFOPLIST_FILE = PedalShare/Info.plist;
				IPHONEOS_DEPLOYMENT_TARGET = 11.4;
				LD_RUNPATH_SEARCH_PATHS = (
					"$(inherited)",
					"@executable_path/Frameworks",
				);
				PRODUCT_BUNDLE_IDENTIFIER = com.andrewmiller167.PedalShare;
				PRODUCT_NAME = "$(TARGET_NAME)";
				SWIFT_VERSION = 4.0;
				TARGETED_DEVICE_FAMILY = "1,2";
			};
			name = Release;
		};
		F84AD74A209DDF52009C4ECA /* Debug */ = {
			isa = XCBuildConfiguration;
			baseConfigurationReference = A7E1AC737B4888A806D4B497 /* Pods-PedalShareTests.debug.xcconfig */;
			buildSettings = {
				ALWAYS_EMBED_SWIFT_STANDARD_LIBRARIES = YES;
				BUNDLE_LOADER = "$(TEST_HOST)";
				CODE_SIGN_STYLE = Automatic;
				DEVELOPMENT_TEAM = 67H43KT2PM;
				INFOPLIST_FILE = PedalShareTests/Info.plist;
				LD_RUNPATH_SEARCH_PATHS = (
					"$(inherited)",
					"@executable_path/Frameworks",
					"@loader_path/Frameworks",
				);
				PRODUCT_BUNDLE_IDENTIFIER = com.andrewmiller167.PedalShareTests;
				PRODUCT_NAME = "$(TARGET_NAME)";
				SWIFT_VERSION = 4.0;
				TARGETED_DEVICE_FAMILY = "1,2";
				TEST_HOST = "$(BUILT_PRODUCTS_DIR)/PedalShare.app/PedalShare";
			};
			name = Debug;
		};
		F84AD74B209DDF52009C4ECA /* Release */ = {
			isa = XCBuildConfiguration;
			baseConfigurationReference = DCD2B4A8686A140AC2E5D24A /* Pods-PedalShareTests.release.xcconfig */;
			buildSettings = {
				ALWAYS_EMBED_SWIFT_STANDARD_LIBRARIES = YES;
				BUNDLE_LOADER = "$(TEST_HOST)";
				CODE_SIGN_STYLE = Automatic;
				DEVELOPMENT_TEAM = 67H43KT2PM;
				INFOPLIST_FILE = PedalShareTests/Info.plist;
				LD_RUNPATH_SEARCH_PATHS = (
					"$(inherited)",
					"@executable_path/Frameworks",
					"@loader_path/Frameworks",
				);
				PRODUCT_BUNDLE_IDENTIFIER = com.andrewmiller167.PedalShareTests;
				PRODUCT_NAME = "$(TARGET_NAME)";
				SWIFT_VERSION = 4.0;
				TARGETED_DEVICE_FAMILY = "1,2";
				TEST_HOST = "$(BUILT_PRODUCTS_DIR)/PedalShare.app/PedalShare";
			};
			name = Release;
		};
		F84AD74D209DDF52009C4ECA /* Debug */ = {
			isa = XCBuildConfiguration;
			baseConfigurationReference = 4391DF8041340C0CBDC70B4E /* Pods-PedalShareUITests.debug.xcconfig */;
			buildSettings = {
				ALWAYS_EMBED_SWIFT_STANDARD_LIBRARIES = YES;
				CODE_SIGN_STYLE = Automatic;
				DEVELOPMENT_TEAM = 67H43KT2PM;
				INFOPLIST_FILE = PedalShareUITests/Info.plist;
				LD_RUNPATH_SEARCH_PATHS = (
					"$(inherited)",
					"@executable_path/Frameworks",
					"@loader_path/Frameworks",
				);
				PRODUCT_BUNDLE_IDENTIFIER = com.andrewmiller167.PedalShareUITests;
				PRODUCT_NAME = "$(TARGET_NAME)";
				SWIFT_VERSION = 4.0;
				TARGETED_DEVICE_FAMILY = "1,2";
				TEST_TARGET_NAME = PedalShare;
			};
			name = Debug;
		};
		F84AD74E209DDF52009C4ECA /* Release */ = {
			isa = XCBuildConfiguration;
			baseConfigurationReference = 7FE176C72A8AE71137EE69ED /* Pods-PedalShareUITests.release.xcconfig */;
			buildSettings = {
				ALWAYS_EMBED_SWIFT_STANDARD_LIBRARIES = YES;
				CODE_SIGN_STYLE = Automatic;
				DEVELOPMENT_TEAM = 67H43KT2PM;
				INFOPLIST_FILE = PedalShareUITests/Info.plist;
				LD_RUNPATH_SEARCH_PATHS = (
					"$(inherited)",
					"@executable_path/Frameworks",
					"@loader_path/Frameworks",
				);
				PRODUCT_BUNDLE_IDENTIFIER = com.andrewmiller167.PedalShareUITests;
				PRODUCT_NAME = "$(TARGET_NAME)";
				SWIFT_VERSION = 4.0;
				TARGETED_DEVICE_FAMILY = "1,2";
				TEST_TARGET_NAME = PedalShare;
			};
			name = Release;
		};
/* End XCBuildConfiguration section */

/* Begin XCConfigurationList section */
		F84AD717209DDF4D009C4ECA /* Build configuration list for PBXProject "PedalShare" */ = {
			isa = XCConfigurationList;
			buildConfigurations = (
				F84AD744209DDF52009C4ECA /* Debug */,
				F84AD745209DDF52009C4ECA /* Release */,
			);
			defaultConfigurationIsVisible = 0;
			defaultConfigurationName = Release;
		};
		F84AD746209DDF52009C4ECA /* Build configuration list for PBXNativeTarget "PedalShare" */ = {
			isa = XCConfigurationList;
			buildConfigurations = (
				F84AD747209DDF52009C4ECA /* Debug */,
				F84AD748209DDF52009C4ECA /* Release */,
			);
			defaultConfigurationIsVisible = 0;
			defaultConfigurationName = Release;
		};
		F84AD749209DDF52009C4ECA /* Build configuration list for PBXNativeTarget "PedalShareTests" */ = {
			isa = XCConfigurationList;
			buildConfigurations = (
				F84AD74A209DDF52009C4ECA /* Debug */,
				F84AD74B209DDF52009C4ECA /* Release */,
			);
			defaultConfigurationIsVisible = 0;
			defaultConfigurationName = Release;
		};
		F84AD74C209DDF52009C4ECA /* Build configuration list for PBXNativeTarget "PedalShareUITests" */ = {
			isa = XCConfigurationList;
			buildConfigurations = (
				F84AD74D209DDF52009C4ECA /* Debug */,
				F84AD74E209DDF52009C4ECA /* Release */,
			);
			defaultConfigurationIsVisible = 0;
			defaultConfigurationName = Release;
		};
/* End XCConfigurationList section */
	};
	rootObject = F84AD714209DDF4D009C4ECA /* Project object */;
}
